
Microsoft Visual Studio Solution File, Format Version 12.00
# Visual Studio Version 17
VisualStudioVersion = 17.11.35208.52
MinimumVisualStudioVersion = 10.0.40219.1
Project("{FAE04EC0-301F-11D3-BF4B-00C04F79EFBC}") = "ConsoleApp10", "ConsoleApp10\ConsoleApp10.csproj", "{0D0D5A8B-A358-4C5C-8A1D-EA75D8E924C3}"
EndProject
Global
	GlobalSection(SolutionConfigurationPlatforms) = preSolution
		Debug|Any CPU = Debug|Any CPU
		Release|Any CPU = Release|Any CPU
	EndGlobalSection
	GlobalSection(ProjectConfigurationPlatforms) = postSolution
		{0D0D5A8B-A358-4C5C-8A1D-EA75D8E924C3}.Debug|Any CPU.ActiveCfg = Debug|Any CPU
		{0D0D5A8B-A358-4C5C-8A1D-EA75D8E924C3}.Debug|Any CPU.Build.0 = Debug|Any CPU
		{0D0D5A8B-A358-4C5C-8A1D-EA75D8E924C3}.Release|Any CPU.ActiveCfg = Release|Any CPU
		{0D0D5A8B-A358-4C5C-8A1D-EA75D8E924C3}.Release|Any CPU.Build.0 = Release|Any CPU
	EndGlobalSection
	GlobalSection(SolutionProperties) = preSolution
		HideSolutionNode = FALSE
	EndGlobalSection
	GlobalSection(ExtensibilityGlobals) = postSolution
		SolutionGuid = {A31A1C78-19F2-4A08-AE9F-6E5338CA0070}
	EndGlobalSection
EndGlobal
